
Microsoft Visual Studio Solution File, Format Version 12.00
# Visual Studio 15
VisualStudioVersion = 15.0.27130.2020
MinimumVisualStudioVersion = 10.0.40219.1
Project("{9A19103F-16F7-4668-BE54-9A1E7A4F7556}") = "mson.Core.Models", "mson.Core.Models\mson.Core.Models.csproj", "{175028B0-3D22-47E7-A244-090B37FFB128}"
EndProject
Project("{9A19103F-16F7-4668-BE54-9A1E7A4F7556}") = "mson.Core.WebApi", "mson.Core.WebApi\mson.Core.WebApi.csproj", "{818E2465-25FE-4115-9A5E-AB6047B4142C}"
EndProject
Project("{9A19103F-16F7-4668-BE54-9A1E7A4F7556}") = "mson.Core.AuthorizationServerApi", "mson.Core.AuthorizationServerApi\mson.Core.AuthorizationServerApi.csproj", "{50FD3C07-1978-45DF-B035-23D55F7F4402}"
EndProject
Project("{9A19103F-16F7-4668-BE54-9A1E7A4F7556}") = "mson.Core.AuthenticationApi", "mson.Core.AuthenticationApi\mson.Core.AuthenticationApi.csproj", "{8DCED93B-6EF5-4C2A-AEB4-C12CB11AD182}"
EndProject
Project("{FAE04EC0-301F-11D3-BF4B-00C04F79EFBC}") = "mson.Core.Server.AuthorizeApi", "mson.Core.Server.AuthorizeApi\mson.Core.Server.AuthorizeApi.csproj", "{7FC5F578-D89E-4AFC-98E0-A07F6C005299}"
EndProject
Project("{FAE04EC0-301F-11D3-BF4B-00C04F79EFBC}") = "mson.Core.Server.ResourceApi", "mson.Core.Server.ResourceApi\mson.Core.Server.ResourceApi.csproj", "{F6E8BA2F-CC41-40BF-B67B-39C4488D86DE}"
EndProject
Project("{FAE04EC0-301F-11D3-BF4B-00C04F79EFBC}") = "mson.Core.Server.Models", "mson.Core.Server.Models\mson.Core.Server.Models.csproj", "{C4DD214A-4EE9-4F18-AFFC-BE5942031561}"
EndProject
Project("{FAE04EC0-301F-11D3-BF4B-00C04F79EFBC}") = "mson.Core.Client.Test", "mson.Core.Client.Test\mson.Core.Client.Test.csproj", "{9E07CBA5-ABB2-4AA9-A304-F824E1AE08DC}"
EndProject
Global
	GlobalSection(SolutionConfigurationPlatforms) = preSolution
		Debug|Any CPU = Debug|Any CPU
		Release|Any CPU = Release|Any CPU
	EndGlobalSection
	GlobalSection(ProjectConfigurationPlatforms) = postSolution
		{175028B0-3D22-47E7-A244-090B37FFB128}.Debug|Any CPU.ActiveCfg = Debug|Any CPU
		{175028B0-3D22-47E7-A244-090B37FFB128}.Debug|Any CPU.Build.0 = Debug|Any CPU
		{175028B0-3D22-47E7-A244-090B37FFB128}.Release|Any CPU.ActiveCfg = Release|Any CPU
		{175028B0-3D22-47E7-A244-090B37FFB128}.Release|Any CPU.Build.0 = Release|Any CPU
		{818E2465-25FE-4115-9A5E-AB6047B4142C}.Debug|Any CPU.ActiveCfg = Debug|Any CPU
		{818E2465-25FE-4115-9A5E-AB6047B4142C}.Debug|Any CPU.Build.0 = Debug|Any CPU
		{818E2465-25FE-4115-9A5E-AB6047B4142C}.Release|Any CPU.ActiveCfg = Release|Any CPU
		{818E2465-25FE-4115-9A5E-AB6047B4142C}.Release|Any CPU.Build.0 = Release|Any CPU
		{50FD3C07-1978-45DF-B035-23D55F7F4402}.Debug|Any CPU.ActiveCfg = Debug|Any CPU
		{50FD3C07-1978-45DF-B035-23D55F7F4402}.Debug|Any CPU.Build.0 = Debug|Any CPU
		{50FD3C07-1978-45DF-B035-23D55F7F4402}.Release|Any CPU.ActiveCfg = Release|Any CPU
		{50FD3C07-1978-45DF-B035-23D55F7F4402}.Release|Any CPU.Build.0 = Release|Any CPU
		{8DCED93B-6EF5-4C2A-AEB4-C12CB11AD182}.Debug|Any CPU.ActiveCfg = Debug|Any CPU
		{8DCED93B-6EF5-4C2A-AEB4-C12CB11AD182}.Debug|Any CPU.Build.0 = Debug|Any CPU
		{8DCED93B-6EF5-4C2A-AEB4-C12CB11AD182}.Release|Any CPU.ActiveCfg = Release|Any CPU
		{8DCED93B-6EF5-4C2A-AEB4-C12CB11AD182}.Release|Any CPU.Build.0 = Release|Any CPU
		{7FC5F578-D89E-4AFC-98E0-A07F6C005299}.Debug|Any CPU.ActiveCfg = Debug|Any CPU
		{7FC5F578-D89E-4AFC-98E0-A07F6C005299}.Debug|Any CPU.Build.0 = Debug|Any CPU
		{7FC5F578-D89E-4AFC-98E0-A07F6C005299}.Release|Any CPU.ActiveCfg = Release|Any CPU
		{7FC5F578-D89E-4AFC-98E0-A07F6C005299}.Release|Any CPU.Build.0 = Release|Any CPU
		{F6E8BA2F-CC41-40BF-B67B-39C4488D86DE}.Debug|Any CPU.ActiveCfg = Debug|Any CPU
		{F6E8BA2F-CC41-40BF-B67B-39C4488D86DE}.Debug|Any CPU.Build.0 = Debug|Any CPU
		{F6E8BA2F-CC41-40BF-B67B-39C4488D86DE}.Release|Any CPU.ActiveCfg = Release|Any CPU
		{F6E8BA2F-CC41-40BF-B67B-39C4488D86DE}.Release|Any CPU.Build.0 = Release|Any CPU
		{C4DD214A-4EE9-4F18-AFFC-BE5942031561}.Debug|Any CPU.ActiveCfg = Debug|Any CPU
		{C4DD214A-4EE9-4F18-AFFC-BE5942031561}.Debug|Any CPU.Build.0 = Debug|Any CPU
		{C4DD214A-4EE9-4F18-AFFC-BE5942031561}.Release|Any CPU.ActiveCfg = Release|Any CPU
		{C4DD214A-4EE9-4F18-AFFC-BE5942031561}.Release|Any CPU.Build.0 = Release|Any CPU
		{9E07CBA5-ABB2-4AA9-A304-F824E1AE08DC}.Debug|Any CPU.ActiveCfg = Debug|Any CPU
		{9E07CBA5-ABB2-4AA9-A304-F824E1AE08DC}.Debug|Any CPU.Build.0 = Debug|Any CPU
		{9E07CBA5-ABB2-4AA9-A304-F824E1AE08DC}.Release|Any CPU.ActiveCfg = Release|Any CPU
		{9E07CBA5-ABB2-4AA9-A304-F824E1AE08DC}.Release|Any CPU.Build.0 = Release|Any CPU
	EndGlobalSection
	GlobalSection(SolutionProperties) = preSolution
		HideSolutionNode = FALSE
	EndGlobalSection
	GlobalSection(ExtensibilityGlobals) = postSolution
		SolutionGuid = {0AC3AAA3-DA7C-4602-A16D-CDBF02E9FEFF}
	EndGlobalSection
EndGlobal
